// !$*UTF8*$!
{
	archiveVersion = 1;
	classes = {
	};
	objectVersion = 50;
	objects = {

/* Begin PBXBuildFile section */
		4C2336782384053400882DA9 /* AppDelegate.swift in Sources */ = {isa = PBXBuildFile; fileRef = 4C2336772384053400882DA9 /* AppDelegate.swift */; };
		4C23367A2384053400882DA9 /* ViewController.swift in Sources */ = {isa = PBXBuildFile; fileRef = 4C2336792384053400882DA9 /* ViewController.swift */; };
		4C23367D2384053400882DA9 /* Main.storyboard in Resources */ = {isa = PBXBuildFile; fileRef = 4C23367B2384053400882DA9 /* Main.storyboard */; };
		4C23367F2384053500882DA9 /* Assets.xcassets in Resources */ = {isa = PBXBuildFile; fileRef = 4C23367E2384053500882DA9 /* Assets.xcassets */; };
		4C2336822384053500882DA9 /* LaunchScreen.storyboard in Resources */ = {isa = PBXBuildFile; fileRef = 4C2336802384053500882DA9 /* LaunchScreen.storyboard */; };
		4C23368D2384053500882DA9 /* SharingToAppTests.swift in Sources */ = {isa = PBXBuildFile; fileRef = 4C23368C2384053500882DA9 /* SharingToAppTests.swift */; };
		4C2336982384053500882DA9 /* SharingToAppUITests.swift in Sources */ = {isa = PBXBuildFile; fileRef = 4C2336972384053500882DA9 /* SharingToAppUITests.swift */; };
/* End PBXBuildFile section */

/* Begin PBXContainerItemProxy section */
		4C2336892384053500882DA9 /* PBXContainerItemProxy */ = {
			isa = PBXContainerItemProxy;
			containerPortal = 4C23366C2384053400882DA9 /* Project object */;
			proxyType = 1;
			remoteGlobalIDString = 4C2336732384053400882DA9;
			remoteInfo = SharingToApp;
		};
		4C2336942384053500882DA9 /* PBXContainerItemProxy */ = {
			isa = PBXContainerItemProxy;
			containerPortal = 4C23366C2384053400882DA9 /* Project object */;
			proxyType = 1;
			remoteGlobalIDString = 4C2336732384053400882DA9;
			remoteInfo = SharingToApp;
		};
/* End PBXContainerItemProxy section */

/* Begin PBXFileReference section */
		4C2336742384053400882DA9 /* SharingToApp.app */ = {isa = PBXFileReference; explicitFileType = wrapper.application; includeInIndex = 0; path = SharingToApp.app; sourceTree = BUILT_PRODUCTS_DIR; };
		4C2336772384053400882DA9 /* AppDelegate.swift */ = {isa = PBXFileReference; lastKnownFileType = sourcecode.swift; path = AppDelegate.swift; sourceTree = "<group>"; };
		4C2336792384053400882DA9 /* ViewController.swift */ = {isa = PBXFileReference; lastKnownFileType = sourcecode.swift; path = ViewController.swift; sourceTree = "<group>"; };
		4C23367C2384053400882DA9 /* Base */ = {isa = PBXFileReference; lastKnownFileType = file.storyboard; name = Base; path = Base.lproj/Main.storyboard; sourceTree = "<group>"; };
		4C23367E2384053500882DA9 /* Assets.xcassets */ = {isa = PBXFileReference; lastKnownFileType = folder.assetcatalog; path = Assets.xcassets; sourceTree = "<group>"; };
		4C2336812384053500882DA9 /* Base */ = {isa = PBXFileReference; lastKnownFileType = file.storyboard; name = Base; path = Base.lproj/LaunchScreen.storyboard; sourceTree = "<group>"; };
		4C2336832384053500882DA9 /* Info.plist */ = {isa = PBXFileReference; lastKnownFileType = text.plist.xml; path = Info.plist; sourceTree = "<group>"; };
		4C2336882384053500882DA9 /* SharingToAppTests.xctest */ = {isa = PBXFileReference; explicitFileType = wrapper.cfbundle; includeInIndex = 0; path = SharingToAppTests.xctest; sourceTree = BUILT_PRODUCTS_DIR; };
		4C23368C2384053500882DA9 /* SharingToAppTests.swift */ = {isa = PBXFileReference; lastKnownFileType = sourcecode.swift; path = SharingToAppTests.swift; sourceTree = "<group>"; };
		4C23368E2384053500882DA9 /* Info.plist */ = {isa = PBXFileReference; lastKnownFileType = text.plist.xml; path = Info.plist; sourceTree = "<group>"; };
		4C2336932384053500882DA9 /* SharingToAppUITests.xctest */ = {isa = PBXFileReference; explicitFileType = wrapper.cfbundle; includeInIndex = 0; path = SharingToAppUITests.xctest; sourceTree = BUILT_PRODUCTS_DIR; };
		4C2336972384053500882DA9 /* SharingToAppUITests.swift */ = {isa = PBXFileReference; lastKnownFileType = sourcecode.swift; path = SharingToAppUITests.swift; sourceTree = "<group>"; };
		4C2336992384053500882DA9 /* Info.plist */ = {isa = PBXFileReference; lastKnownFileType = text.plist.xml; path = Info.plist; sourceTree = "<group>"; };
/* End PBXFileReference section */

/* Begin PBXFrameworksBuildPhase section */
		4C2336712384053400882DA9 /* Frameworks */ = {
			isa = PBXFrameworksBuildPhase;
			buildActionMask = 2147483647;
			files = (
			);
			runOnlyForDeploymentPostprocessing = 0;
		};
		4C2336852384053500882DA9 /* Frameworks */ = {
			isa = PBXFrameworksBuildPhase;
			buildActionMask = 2147483647;
			files = (
			);
			runOnlyForDeploymentPostprocessing = 0;
		};
		4C2336902384053500882DA9 /* Frameworks */ = {
			isa = PBXFrameworksBuildPhase;
			buildActionMask = 2147483647;
			files = (
			);
			runOnlyForDeploymentPostprocessing = 0;
		};
/* End PBXFrameworksBuildPhase section */

/* Begin PBXGroup section */
		4C23366B2384053400882DA9 = {
			isa = PBXGroup;
			children = (
				4C2336762384053400882DA9 /* SharingToApp */,
				4C23368B2384053500882DA9 /* SharingToAppTests */,
				4C2336962384053500882DA9 /* SharingToAppUITests */,
				4C2336752384053400882DA9 /* Products */,
			);
			sourceTree = "<group>";
		};
		4C2336752384053400882DA9 /* Products */ = {
			isa = PBXGroup;
			children = (
				4C2336742384053400882DA9 /* SharingToApp.app */,
				4C2336882384053500882DA9 /* SharingToAppTests.xctest */,
				4C2336932384053500882DA9 /* SharingToAppUITests.xctest */,
			);
			name = Products;
			sourceTree = "<group>";
		};
		4C2336762384053400882DA9 /* SharingToApp */ = {
			isa = PBXGroup;
			children = (
				4C2336772384053400882DA9 /* AppDelegate.swift */,
				4C2336792384053400882DA9 /* ViewController.swift */,
				4C23367B2384053400882DA9 /* Main.storyboard */,
				4C23367E2384053500882DA9 /* Assets.xcassets */,
				4C2336802384053500882DA9 /* LaunchScreen.storyboard */,
				4C2336832384053500882DA9 /* Info.plist */,
			);
			path = SharingToApp;
			sourceTree = "<group>";
		};
		4C23368B2384053500882DA9 /* SharingToAppTests */ = {
			isa = PBXGroup;
			children = (
				4C23368C2384053500882DA9 /* SharingToAppTests.swift */,
				4C23368E2384053500882DA9 /* Info.plist */,
			);
			path = SharingToAppTests;
			sourceTree = "<group>";
		};
		4C2336962384053500882DA9 /* SharingToAppUITests */ = {
			isa = PBXGroup;
			children = (
				4C2336972384053500882DA9 /* SharingToAppUITests.swift */,
				4C2336992384053500882DA9 /* Info.plist */,
			);
			path = SharingToAppUITests;
			sourceTree = "<group>";
		};
/* End PBXGroup section */

/* Begin PBXNativeTarget section */
		4C2336732384053400882DA9 /* SharingToApp */ = {
			isa = PBXNativeTarget;
			buildConfigurationList = 4C23369C2384053500882DA9 /* Build configuration list for PBXNativeTarget "SharingToApp" */;
			buildPhases = (
				4C2336702384053400882DA9 /* Sources */,
				4C2336712384053400882DA9 /* Frameworks */,
				4C2336722384053400882DA9 /* Resources */,
			);
			buildRules = (
			);
			dependencies = (
			);
			name = SharingToApp;
			productName = SharingToApp;
			productReference = 4C2336742384053400882DA9 /* SharingToApp.app */;
			productType = "com.apple.product-type.application";
		};
		4C2336872384053500882DA9 /* SharingToAppTests */ = {
			isa = PBXNativeTarget;
			buildConfigurationList = 4C23369F2384053500882DA9 /* Build configuration list for PBXNativeTarget "SharingToAppTests" */;
			buildPhases = (
				4C2336842384053500882DA9 /* Sources */,
				4C2336852384053500882DA9 /* Frameworks */,
				4C2336862384053500882DA9 /* Resources */,
			);
			buildRules = (
			);
			dependencies = (
				4C23368A2384053500882DA9 /* PBXTargetDependency */,
			);
			name = SharingToAppTests;
			productName = SharingToAppTests;
			productReference = 4C2336882384053500882DA9 /* SharingToAppTests.xctest */;
			productType = "com.apple.product-type.bundle.unit-test";
		};
		4C2336922384053500882DA9 /* SharingToAppUITests */ = {
			isa = PBXNativeTarget;
			buildConfigurationList = 4C2336A22384053500882DA9 /* Build configuration list for PBXNativeTarget "SharingToAppUITests" */;
			buildPhases = (
				4C23368F2384053500882DA9 /* Sources */,
				4C2336902384053500882DA9 /* Frameworks */,
				4C2336912384053500882DA9 /* Resources */,
			);
			buildRules = (
			);
			dependencies = (
				4C2336952384053500882DA9 /* PBXTargetDependency */,
			);
			name = SharingToAppUITests;
			productName = SharingToAppUITests;
			productReference = 4C2336932384053500882DA9 /* SharingToAppUITests.xctest */;
			productType = "com.apple.product-type.bundle.ui-testing";
		};
/* End PBXNativeTarget section */

/* Begin PBXProject section */
		4C23366C2384053400882DA9 /* Project object */ = {
			isa = PBXProject;
			attributes = {
				LastSwiftUpdateCheck = 1030;
				LastUpgradeCheck = 1030;
				ORGANIZATIONNAME = "Netra Technosys";
				TargetAttributes = {
					4C2336732384053400882DA9 = {
						CreatedOnToolsVersion = 10.3;
					};
					4C2336872384053500882DA9 = {
						CreatedOnToolsVersion = 10.3;
						TestTargetID = 4C2336732384053400882DA9;
					};
					4C2336922384053500882DA9 = {
						CreatedOnToolsVersion = 10.3;
						TestTargetID = 4C2336732384053400882DA9;
					};
				};
			};
			buildConfigurationList = 4C23366F2384053400882DA9 /* Build configuration list for PBXProject "SharingToApp" */;
			compatibilityVersion = "Xcode 9.3";
			developmentRegion = en;
			hasScannedForEncodings = 0;
			knownRegions = (
				en,
				Base,
			);
			mainGroup = 4C23366B2384053400882DA9;
			productRefGroup = 4C2336752384053400882DA9 /* Products */;
			projectDirPath = "";
			projectRoot = "";
			targets = (
				4C2336732384053400882DA9 /* SharingToApp */,
				4C2336872384053500882DA9 /* SharingToAppTests */,
				4C2336922384053500882DA9 /* SharingToAppUITests */,
			);
		};
/* End PBXProject section */

/* Begin PBXResourcesBuildPhase section */
		4C2336722384053400882DA9 /* Resources */ = {
			isa = PBXResourcesBuildPhase;
			buildActionMask = 2147483647;
			files = (
				4C2336822384053500882DA9 /* LaunchScreen.storyboard in Resources */,
				4C23367F2384053500882DA9 /* Assets.xcassets in Resources */,
				4C23367D2384053400882DA9 /* Main.storyboard in Resources */,
			);
			runOnlyForDeploymentPostprocessing = 0;
		};
		4C2336862384053500882DA9 /* Resources */ = {
			isa = PBXResourcesBuildPhase;
			buildActionMask = 2147483647;
			files = (
			);
			runOnlyForDeploymentPostprocessing = 0;
		};
		4C2336912384053500882DA9 /* Resources */ = {
			isa = PBXResourcesBuildPhase;
			buildActionMask = 2147483647;
			files = (
			);
			runOnlyForDeploymentPostprocessing = 0;
		};
/* End PBXResourcesBuildPhase section */

/* Begin PBXSourcesBuildPhase section */
		4C2336702384053400882DA9 /* Sources */ = {
			isa = PBXSourcesBuildPhase;
			buildActionMask = 2147483647;
			files = (
				4C23367A2384053400882DA9 /* ViewController.swift in Sources */,
				4C2336782384053400882DA9 /* AppDelegate.swift in Sources */,
			);
			runOnlyForDeploymentPostprocessing = 0;
		};
		4C2336842384053500882DA9 /* Sources */ = {
			isa = PBXSourcesBuildPhase;
			buildActionMask = 2147483647;
			files = (
				4C23368D2384053500882DA9 /* SharingToAppTests.swift in Sources */,
			);
			runOnlyForDeploymentPostprocessing = 0;
		};
		4C23368F2384053500882DA9 /* Sources */ = {
			isa = PBXSourcesBuildPhase;
			buildActionMask = 2147483647;
			files = (
				4C2336982384053500882DA9 /* SharingToAppUITests.swift in Sources */,
			);
			runOnlyForDeploymentPostprocessing = 0;
		};
/* End PBXSourcesBuildPhase section */

/* Begin PBXTargetDependency section */
		4C23368A2384053500882DA9 /* PBXTargetDependency */ = {
			isa = PBXTargetDependency;
			target = 4C2336732384053400882DA9 /* SharingToApp */;
			targetProxy = 4C2336892384053500882DA9 /* PBXContainerItemProxy */;
		};
		4C2336952384053500882DA9 /* PBXTargetDependency */ = {
			isa = PBXTargetDependency;
			target = 4C2336732384053400882DA9 /* SharingToApp */;
			targetProxy = 4C2336942384053500882DA9 /* PBXContainerItemProxy */;
		};
/* End PBXTargetDependency section */

/* Begin PBXVariantGroup section */
		4C23367B2384053400882DA9 /* Main.storyboard */ = {
			isa = PBXVariantGroup;
			children = (
				4C23367C2384053400882DA9 /* Base */,
			);
			name = Main.storyboard;
			sourceTree = "<group>";
		};
		4C2336802384053500882DA9 /* LaunchScreen.storyboard */ = {
			isa = PBXVariantGroup;
			children = (
				4C2336812384053500882DA9 /* Base */,
			);
			name = LaunchScreen.storyboard;
			sourceTree = "<group>";
		};
/* End PBXVariantGroup section */

/* Begin XCBuildConfiguration section */
		4C23369A2384053500882DA9 /* Debug */ = {
			isa = XCBuildConfiguration;
			buildSettings = {
				ALWAYS_SEARCH_USER_PATHS = NO;
				CLANG_ANALYZER_NONNULL = YES;
				CLANG_ANALYZER_NUMBER_OBJECT_CONVERSION = YES_AGGRESSIVE;
				CLANG_CXX_LANGUAGE_STANDARD = "gnu++14";
				CLANG_CXX_LIBRARY = "libc++";
				CLANG_ENABLE_MODULES = YES;
				CLANG_ENABLE_OBJC_ARC = YES;
				CLANG_ENABLE_OBJC_WEAK = YES;
				CLANG_WARN_BLOCK_CAPTURE_AUTORELEASING = YES;
				CLANG_WARN_BOOL_CONVERSION = YES;
				CLANG_WARN_COMMA = YES;
				CLANG_WARN_CONSTANT_CONVERSION = YES;
				CLANG_WARN_DEPRECATED_OBJC_IMPLEMENTATIONS = YES;
				CLANG_WARN_DIRECT_OBJC_ISA_USAGE = YES_ERROR;
				CLANG_WARN_DOCUMENTATION_COMMENTS = YES;
				CLANG_WARN_EMPTY_BODY = YES;
				CLANG_WARN_ENUM_CONVERSION = YES;
				CLANG_WARN_INFINITE_RECURSION = YES;
				CLANG_WARN_INT_CONVERSION = YES;
				CLANG_WARN_NON_LITERAL_NULL_CONVERSION = YES;
				CLANG_WARN_OBJC_IMPLICIT_RETAIN_SELF = YES;
				CLANG_WARN_OBJC_LITERAL_CONVERSION = YES;
				CLANG_WARN_OBJC_ROOT_CLASS = YES_ERROR;
				CLANG_WARN_RANGE_LOOP_ANALYSIS = YES;
				CLANG_WARN_STRICT_PROTOTYPES = YES;
				CLANG_WARN_SUSPICIOUS_MOVE = YES;
				CLANG_WARN_UNGUARDED_AVAILABILITY = YES_AGGRESSIVE;
				CLANG_WARN_UNREACHABLE_CODE = YES;
				CLANG_WARN__DUPLICATE_METHOD_MATCH = YES;
				CODE_SIGN_IDENTITY = "iPhone Developer";
				COPY_PHASE_STRIP = NO;
				DEBUG_INFORMATION_FORMAT = dwarf;
				ENABLE_STRICT_OBJC_MSGSEND = YES;
				ENABLE_TESTABILITY = YES;
				GCC_C_LANGUAGE_STANDARD = gnu11;
				GCC_DYNAMIC_NO_PIC = NO;
				GCC_NO_COMMON_BLOCKS = YES;
				GCC_OPTIMIZATION_LEVEL = 0;
				GCC_PREPROCESSOR_DEFINITIONS = (
					"DEBUG=1",
					"$(inherited)",
				);
				GCC_WARN_64_TO_32_BIT_CONVERSION = YES;
				GCC_WARN_ABOUT_RETURN_TYPE = YES_ERROR;
				GCC_WARN_UNDECLARED_SELECTOR = YES;
				GCC_WARN_UNINITIALIZED_AUTOS = YES_AGGRESSIVE;
				GCC_WARN_UNUSED_FUNCTION = YES;
				GCC_WARN_UNUSED_VARIABLE = YES;
				IPHONEOS_DEPLOYMENT_TARGET = 12.4;
				MTL_ENABLE_DEBUG_INFO = INCLUDE_SOURCE;
				MTL_FAST_MATH = YES;
				ONLY_ACTIVE_ARCH = YES;
				SDKROOT = iphoneos;
				SWIFT_ACTIVE_COMPILATION_CONDITIONS = DEBUG;
				SWIFT_OPTIMIZATION_LEVEL = "-Onone";
			};
			name = Debug;
		};
		4C23369B2384053500882DA9 /* Release */ = {
			isa = XCBuildConfiguration;
			buildSettings = {
				ALWAYS_SEARCH_USER_PATHS = NO;
				CLANG_ANALYZER_NONNULL = YES;
				CLANG_ANALYZER_NUMBER_OBJECT_CONVERSION = YES_AGGRESSIVE;
				CLANG_CXX_LANGUAGE_STANDARD = "gnu++14";
				CLANG_CXX_LIBRARY = "libc++";
				CLANG_ENABLE_MODULES = YES;
				CLANG_ENABLE_OBJC_ARC = YES;
				CLANG_ENABLE_OBJC_WEAK = YES;
				CLANG_WARN_BLOCK_CAPTURE_AUTORELEASING = YES;
				CLANG_WARN_BOOL_CONVERSION = YES;
				CLANG_WARN_COMMA = YES;
				CLANG_WARN_CONSTANT_CONVERSION = YES;
				CLANG_WARN_DEPRECATED_OBJC_IMPLEMENTATIONS = YES;
				CLANG_WARN_DIRECT_OBJC_ISA_USAGE = YES_ERROR;
				CLANG_WARN_DOCUMENTATION_COMMENTS = YES;
				CLANG_WARN_EMPTY_BODY = YES;
				CLANG_WARN_ENUM_CONVERSION = YES;
				CLANG_WARN_INFINITE_RECURSION = YES;
				CLANG_WARN_INT_CONVERSION = YES;
				CLANG_WARN_NON_LITERAL_NULL_CONVERSION = YES;
				CLANG_WARN_OBJC_IMPLICIT_RETAIN_SELF = YES;
				CLANG_WARN_OBJC_LITERAL_CONVERSION = YES;
				CLANG_WARN_OBJC_ROOT_CLASS = YES_ERROR;
				CLANG_WARN_RANGE_LOOP_ANALYSIS = YES;
				CLANG_WARN_STRICT_PROTOTYPES = YES;
				CLANG_WARN_SUSPICIOUS_MOVE = YES;
				CLANG_WARN_UNGUARDED_AVAILABILITY = YES_AGGRESSIVE;
				CLANG_WARN_UNREACHABLE_CODE = YES;
				CLANG_WARN__DUPLICATE_METHOD_MATCH = YES;
				CODE_SIGN_IDENTITY = "iPhone Developer";
				COPY_PHASE_STRIP = NO;
				DEBUG_INFORMATION_FORMAT = "dwarf-with-dsym";
				ENABLE_NS_ASSERTIONS = NO;
				ENABLE_STRICT_OBJC_MSGSEND = YES;
				GCC_C_LANGUAGE_STANDARD = gnu11;
				GCC_NO_COMMON_BLOCKS = YES;
				GCC_WARN_64_TO_32_BIT_CONVERSION = YES;
				GCC_WARN_ABOUT_RETURN_TYPE = YES_ERROR;
				GCC_WARN_UNDECLARED_SELECTOR = YES;
				GCC_WARN_UNINITIALIZED_AUTOS = YES_AGGRESSIVE;
				GCC_WARN_UNUSED_FUNCTION = YES;
				GCC_WARN_UNUSED_VARIABLE = YES;
				IPHONEOS_DEPLOYMENT_TARGET = 12.4;
				MTL_ENABLE_DEBUG_INFO = NO;
				MTL_FAST_MATH = YES;
				SDKROOT = iphoneos;
				SWIFT_COMPILATION_MODE = wholemodule;
				SWIFT_OPTIMIZATION_LEVEL = "-O";
				VALIDATE_PRODUCT = YES;
			};
			name = Release;
		};
		4C23369D2384053500882DA9 /* Debug */ = {
			isa = XCBuildConfiguration;
			buildSettings = {
				ASSETCATALOG_COMPILER_APPICON_NAME = AppIcon;
				CODE_SIGN_STYLE = Automatic;
				INFOPLIST_FILE = SharingToApp/Info.plist;
				LD_RUNPATH_SEARCH_PATHS = (
					"$(inherited)",
					"@executable_path/Frameworks",
				);
				PRODUCT_BUNDLE_IDENTIFIER = com.netratechnosys.SharingToApp;
				PRODUCT_NAME = "$(TARGET_NAME)";
				SWIFT_VERSION = 5.0;
				TARGETED_DEVICE_FAMILY = "1,2";
			};
			name = Debug;
		};
		4C23369E2384053500882DA9 /* Release */ = {
			isa = XCBuildConfiguration;
			buildSettings = {
				ASSETCATALOG_COMPILER_APPICON_NAME = AppIcon;
				CODE_SIGN_STYLE = Automatic;
				INFOPLIST_FILE = SharingToApp/Info.plist;
				LD_RUNPATH_SEARCH_PATHS = (
					"$(inherited)",
					"@executable_path/Frameworks",
				);
				PRODUCT_BUNDLE_IDENTIFIER = com.netratechnosys.SharingToApp;
				PRODUCT_NAME = "$(TARGET_NAME)";
				SWIFT_VERSION = 5.0;
				TARGETED_DEVICE_FAMILY = "1,2";
			};
			name = Release;
		};
		4C2336A02384053500882DA9 /* Debug */ = {
			isa = XCBuildConfiguration;
			buildSettings = {
				ALWAYS_EMBED_SWIFT_STANDARD_LIBRARIES = YES;
				BUNDLE_LOADER = "$(TEST_HOST)";
				CODE_SIGN_STYLE = Automatic;
				INFOPLIST_FILE = SharingToAppTests/Info.plist;
				LD_RUNPATH_SEARCH_PATHS = (
					"$(inherited)",
					"@executable_path/Frameworks",
					"@loader_path/Frameworks",
				);
				PRODUCT_BUNDLE_IDENTIFIER = com.netratechnosys.SharingToAppTests;
				PRODUCT_NAME = "$(TARGET_NAME)";
				SWIFT_VERSION = 5.0;
				TARGETED_DEVICE_FAMILY = "1,2";
				TEST_HOST = "$(BUILT_PRODUCTS_DIR)/SharingToApp.app/SharingToApp";
			};
			name = Debug;
		};
		4C2336A12384053500882DA9 /* Release */ = {
			isa = XCBuildConfiguration;
			buildSettings = {
				ALWAYS_EMBED_SWIFT_STANDARD_LIBRARIES = YES;
				BUNDLE_LOADER = "$(TEST_HOST)";
				CODE_SIGN_STYLE = Automatic;
				INFOPLIST_FILE = SharingToAppTests/Info.plist;
				LD_RUNPATH_SEARCH_PATHS = (
					"$(inherited)",
					"@executable_path/Frameworks",
					"@loader_path/Frameworks",
				);
				PRODUCT_BUNDLE_IDENTIFIER = com.netratechnosys.SharingToAppTests;
				PRODUCT_NAME = "$(TARGET_NAME)";
				SWIFT_VERSION = 5.0;
				TARGETED_DEVICE_FAMILY = "1,2";
				TEST_HOST = "$(BUILT_PRODUCTS_DIR)/SharingToApp.app/SharingToApp";
			};
			name = Release;
		};
		4C2336A32384053500882DA9 /* Debug */ = {
			isa = XCBuildConfiguration;
			buildSettings = {
				ALWAYS_EMBED_SWIFT_STANDARD_LIBRARIES = YES;
				CODE_SIGN_STYLE = Automatic;
				INFOPLIST_FILE = SharingToAppUITests/Info.plist;
				LD_RUNPATH_SEARCH_PATHS = (
					"$(inherited)",
					"@executable_path/Frameworks",
					"@loader_path/Frameworks",
				);
				PRODUCT_BUNDLE_IDENTIFIER = com.netratechnosys.SharingToAppUITests;
				PRODUCT_NAME = "$(TARGET_NAME)";
				SWIFT_VERSION = 5.0;
				TARGETED_DEVICE_FAMILY = "1,2";
				TEST_TARGET_NAME = SharingToApp;
			};
			name = Debug;
		};
		4C2336A42384053500882DA9 /* Release */ = {
			isa = XCBuildConfiguration;
			buildSettings = {
				ALWAYS_EMBED_SWIFT_STANDARD_LIBRARIES = YES;
				CODE_SIGN_STYLE = Automatic;
				INFOPLIST_FILE = SharingToAppUITests/Info.plist;
				LD_RUNPATH_SEARCH_PATHS = (
					"$(inherited)",
					"@executable_path/Frameworks",
					"@loader_path/Frameworks",
				);
				PRODUCT_BUNDLE_IDENTIFIER = com.netratechnosys.SharingToAppUITests;
				PRODUCT_NAME = "$(TARGET_NAME)";
				SWIFT_VERSION = 5.0;
				TARGETED_DEVICE_FAMILY = "1,2";
				TEST_TARGET_NAME = SharingToApp;
			};
			name = Release;
		};
/* End XCBuildConfiguration section */

/* Begin XCConfigurationList section */
		4C23366F2384053400882DA9 /* Build configuration list for PBXProject "SharingToApp" */ = {
			isa = XCConfigurationList;
			buildConfigurations = (
				4C23369A2384053500882DA9 /* Debug */,
				4C23369B2384053500882DA9 /* Release */,
			);
			defaultConfigurationIsVisible = 0;
			defaultConfigurationName = Release;
		};
		4C23369C2384053500882DA9 /* Build configuration list for PBXNativeTarget "SharingToApp" */ = {
			isa = XCConfigurationList;
			buildConfigurations = (
				4C23369D2384053500882DA9 /* Debug */,
				4C23369E2384053500882DA9 /* Release */,
			);
			defaultConfigurationIsVisible = 0;
			defaultConfigurationName = Release;
		};
		4C23369F2384053500882DA9 /* Build configuration list for PBXNativeTarget "SharingToAppTests" */ = {
			isa = XCConfigurationList;
			buildConfigurations = (
				4C2336A02384053500882DA9 /* Debug */,
				4C2336A12384053500882DA9 /* Release */,
			);
			defaultConfigurationIsVisible = 0;
			defaultConfigurationName = Release;
		};
		4C2336A22384053500882DA9 /* Build configuration list for PBXNativeTarget "SharingToAppUITests" */ = {
			isa = XCConfigurationList;
			buildConfigurations = (
				4C2336A32384053500882DA9 /* Debug */,
				4C2336A42384053500882DA9 /* Release */,
			);
			defaultConfigurationIsVisible = 0;
			defaultConfigurationName = Release;
		};
/* End XCConfigurationList section */
	};
	rootObject = 4C23366C2384053400882DA9 /* Project object */;
}
